// !$*UTF8*$!
{
	archiveVersion = 1;
	classes = {
	};
	objectVersion = 50;
	objects = {

/* Begin PBXBuildFile section */
		ABBF72C524D2037D005C17FE /* WebKit.framework in Frameworks */ = {isa = PBXBuildFile; fileRef = ABBF72C424D2037D005C17FE /* WebKit.framework */; };
		ABFCD0AD24D1E2230005A771 /* AppDelegate.swift in Sources */ = {isa = PBXBuildFile; fileRef = ABFCD0AC24D1E2230005A771 /* AppDelegate.swift */; };
		ABFCD0AF24D1E2230005A771 /* SceneDelegate.swift in Sources */ = {isa = PBXBuildFile; fileRef = ABFCD0AE24D1E2230005A771 /* SceneDelegate.swift */; };
		ABFCD0B124D1E2230005A771 /* ViewController.swift in Sources */ = {isa = PBXBuildFile; fileRef = ABFCD0B024D1E2230005A771 /* ViewController.swift */; };
		ABFCD0B424D1E2230005A771 /* Main.storyboard in Resources */ = {isa = PBXBuildFile; fileRef = ABFCD0B224D1E2230005A771 /* Main.storyboard */; };
		ABFCD0B624D1E2240005A771 /* Assets.xcassets in Resources */ = {isa = PBXBuildFile; fileRef = ABFCD0B524D1E2240005A771 /* Assets.xcassets */; };
		ABFCD0B924D1E2240005A771 /* LaunchScreen.storyboard in Resources */ = {isa = PBXBuildFile; fileRef = ABFCD0B724D1E2240005A771 /* LaunchScreen.storyboard */; };
/* End PBXBuildFile section */

/* Begin PBXFileReference section */
		ABBF72C424D2037D005C17FE /* WebKit.framework */ = {isa = PBXFileReference; lastKnownFileType = wrapper.framework; name = WebKit.framework; path = System/Library/Frameworks/WebKit.framework; sourceTree = SDKROOT; };
		ABFCD0A924D1E2230005A771 /* AwesomeBrowser.app */ = {isa = PBXFileReference; explicitFileType = wrapper.application; includeInIndex = 0; path = AwesomeBrowser.app; sourceTree = BUILT_PRODUCTS_DIR; };
		ABFCD0AC24D1E2230005A771 /* AppDelegate.swift */ = {isa = PBXFileReference; lastKnownFileType = sourcecode.swift; path = AppDelegate.swift; sourceTree = "<group>"; };
		ABFCD0AE24D1E2230005A771 /* SceneDelegate.swift */ = {isa = PBXFileReference; lastKnownFileType = sourcecode.swift; path = SceneDelegate.swift; sourceTree = "<group>"; };
		ABFCD0B024D1E2230005A771 /* ViewController.swift */ = {isa = PBXFileReference; lastKnownFileType = sourcecode.swift; path = ViewController.swift; sourceTree = "<group>"; };
		ABFCD0B324D1E2230005A771 /* Base */ = {isa = PBXFileReference; lastKnownFileType = file.storyboard; name = Base; path = Base.lproj/Main.storyboard; sourceTree = "<group>"; };
		ABFCD0B524D1E2240005A771 /* Assets.xcassets */ = {isa = PBXFileReference; lastKnownFileType = folder.assetcatalog; path = Assets.xcassets; sourceTree = "<group>"; };
		ABFCD0B824D1E2240005A771 /* Base */ = {isa = PBXFileReference; lastKnownFileType = file.storyboard; name = Base; path = Base.lproj/LaunchScreen.storyboard; sourceTree = "<group>"; };
		ABFCD0BA24D1E2240005A771 /* Info.plist */ = {isa = PBXFileReference; lastKnownFileType = text.plist.xml; path = Info.plist; sourceTree = "<group>"; };
/* End PBXFileReference section */

/* Begin PBXFrameworksBuildPhase section */
		ABFCD0A624D1E2230005A771 /* Frameworks */ = {
			isa = PBXFrameworksBuildPhase;
			buildActionMask = 2147483647;
			files = (
				ABBF72C524D2037D005C17FE /* WebKit.framework in Frameworks */,
			);
			runOnlyForDeploymentPostprocessing = 0;
		};
/* End PBXFrameworksBuildPhase section */

/* Begin PBXGroup section */
		ABBF72C324D2037C005C17FE /* Frameworks */ = {
			isa = PBXGroup;
			children = (
				ABBF72C424D2037D005C17FE /* WebKit.framework */,
			);
			name = Frameworks;
			sourceTree = "<group>";
		};
		ABFCD0A024D1E2230005A771 = {
			isa = PBXGroup;
			children = (
				ABFCD0AB24D1E2230005A771 /* AwesomeBrowser */,
				ABFCD0AA24D1E2230005A771 /* Products */,
				ABBF72C324D2037C005C17FE /* Frameworks */,
			);
			sourceTree = "<group>";
		};
		ABFCD0AA24D1E2230005A771 /* Products */ = {
			isa = PBXGroup;
			children = (
				ABFCD0A924D1E2230005A771 /* AwesomeBrowser.app */,
			);
			name = Products;
			sourceTree = "<group>";
		};
		ABFCD0AB24D1E2230005A771 /* AwesomeBrowser */ = {
			isa = PBXGroup;
			children = (
				ABFCD0AC24D1E2230005A771 /* AppDelegate.swift */,
				ABFCD0AE24D1E2230005A771 /* SceneDelegate.swift */,
				ABFCD0B024D1E2230005A771 /* ViewController.swift */,
				ABFCD0B224D1E2230005A771 /* Main.storyboard */,
				ABFCD0B524D1E2240005A771 /* Assets.xcassets */,
				ABFCD0B724D1E2240005A771 /* LaunchScreen.storyboard */,
				ABFCD0BA24D1E2240005A771 /* Info.plist */,
			);
			path = AwesomeBrowser;
			sourceTree = "<group>";
		};
/* End PBXGroup section */

/* Begin PBXNativeTarget section */
		ABFCD0A824D1E2230005A771 /* AwesomeBrowser */ = {
			isa = PBXNativeTarget;
			buildConfigurationList = ABFCD0BD24D1E2240005A771 /* Build configuration list for PBXNativeTarget "AwesomeBrowser" */;
			buildPhases = (
				ABFCD0A524D1E2230005A771 /* Sources */,
				ABFCD0A624D1E2230005A771 /* Frameworks */,
				ABFCD0A724D1E2230005A771 /* Resources */,
			);
			buildRules = (
			);
			dependencies = (
			);
			name = AwesomeBrowser;
			productName = AwesomeBrowser;
			productReference = ABFCD0A924D1E2230005A771 /* AwesomeBrowser.app */;
			productType = "com.apple.product-type.application";
		};
/* End PBXNativeTarget section */

/* Begin PBXProject section */
		ABFCD0A124D1E2230005A771 /* Project object */ = {
			isa = PBXProject;
			attributes = {
				LastSwiftUpdateCheck = 1130;
				LastUpgradeCheck = 1220;
				ORGANIZATIONNAME = Margo;
				TargetAttributes = {
					ABFCD0A824D1E2230005A771 = {
						CreatedOnToolsVersion = 11.3;
					};
				};
			};
			buildConfigurationList = ABFCD0A424D1E2230005A771 /* Build configuration list for PBXProject "AwesomeBrowser" */;
			compatibilityVersion = "Xcode 9.3";
			developmentRegion = en;
			hasScannedForEncodings = 0;
			knownRegions = (
				en,
				Base,
			);
			mainGroup = ABFCD0A024D1E2230005A771;
			productRefGroup = ABFCD0AA24D1E2230005A771 /* Products */;
			projectDirPath = "";
			projectRoot = "";
			targets = (
				ABFCD0A824D1E2230005A771 /* AwesomeBrowser */,
			);
		};
/* End PBXProject section */

/* Begin PBXResourcesBuildPhase section */
		ABFCD0A724D1E2230005A771 /* Resources */ = {
			isa = PBXResourcesBuildPhase;
			buildActionMask = 2147483647;
			files = (
				ABFCD0B924D1E2240005A771 /* LaunchScreen.storyboard in Resources */,
				ABFCD0B624D1E2240005A771 /* Assets.xcassets in Resources */,
				ABFCD0B424D1E2230005A771 /* Main.storyboard in Resources */,
			);
			runOnlyForDeploymentPostprocessing = 0;
		};
/* End PBXResourcesBuildPhase section */

/* Begin PBXSourcesBuildPhase section */
		ABFCD0A524D1E2230005A771 /* Sources */ = {
			isa = PBXSourcesBuildPhase;
			buildActionMask = 2147483647;
			files = (
				ABFCD0B124D1E2230005A771 /* ViewController.swift in Sources */,
				ABFCD0AD24D1E2230005A771 /* AppDelegate.swift in Sources */,
				ABFCD0AF24D1E2230005A771 /* SceneDelegate.swift in Sources */,
			);
			runOnlyForDeploymentPostprocessing = 0;
		};
/* End PBXSourcesBuildPhase section */

/* Begin PBXVariantGroup section */
		ABFCD0B224D1E2230005A771 /* Main.storyboard */ = {
			isa = PBXVariantGroup;
			children = (
				ABFCD0B324D1E2230005A771 /* Base */,
			);
			name = Main.storyboard;
			sourceTree = "<group>";
		};
		ABFCD0B724D1E2240005A771 /* LaunchScreen.storyboard */ = {
			isa = PBXVariantGroup;
			children = (
				ABFCD0B824D1E2240005A771 /* Base */,
			);
			name = LaunchScreen.storyboard;
			sourceTree = "<group>";
		};
/* End PBXVariantGroup section */

/* Begin XCBuildConfiguration section */
		ABFCD0BB24D1E2240005A771 /* Debug */ = {
			isa = XCBuildConfiguration;
			buildSettings = {
				ALWAYS_SEARCH_USER_PATHS = NO;
				CLANG_ANALYZER_NONNULL = YES;
				CLANG_ANALYZER_NUMBER_OBJECT_CONVERSION = YES_AGGRESSIVE;
				CLANG_CXX_LANGUAGE_STANDARD = "gnu++14";
				CLANG_CXX_LIBRARY = "libc++";
				CLANG_ENABLE_MODULES = YES;
				CLANG_ENABLE_OBJC_ARC = YES;
				CLANG_ENABLE_OBJC_WEAK = YES;
				CLANG_WARN_BLOCK_CAPTURE_AUTORELEASING = YES;
				CLANG_WARN_BOOL_CONVERSION = YES;
				CLANG_WARN_COMMA = YES;
				CLANG_WARN_CONSTANT_CONVERSION = YES;
				CLANG_WARN_DEPRECATED_OBJC_IMPLEMENTATIONS = YES;
				CLANG_WARN_DIRECT_OBJC_ISA_USAGE = YES_ERROR;
				CLANG_WARN_DOCUMENTATION_COMMENTS = YES;
				CLANG_WARN_EMPTY_BODY = YES;
				CLANG_WARN_ENUM_CONVERSION = YES;
				CLANG_WARN_INFINITE_RECURSION = YES;
				CLANG_WARN_INT_CONVERSION = YES;
				CLANG_WARN_NON_LITERAL_NULL_CONVERSION = YES;
				CLANG_WARN_OBJC_IMPLICIT_RETAIN_SELF = YES;
				CLANG_WARN_OBJC_LITERAL_CONVERSION = YES;
				CLANG_WARN_OBJC_ROOT_CLASS = YES_ERROR;
				CLANG_WARN_QUOTED_INCLUDE_IN_FRAMEWORK_HEADER = YES;
				CLANG_WARN_RANGE_LOOP_ANALYSIS = YES;
				CLANG_WARN_STRICT_PROTOTYPES = YES;
				CLANG_WARN_SUSPICIOUS_MOVE = YES;
				CLANG_WARN_UNGUARDED_AVAILABILITY = YES_AGGRESSIVE;
				CLANG_WARN_UNREACHABLE_CODE = YES;
				CLANG_WARN__DUPLICATE_METHOD_MATCH = YES;
				COPY_PHASE_STRIP = NO;
				DEBUG_INFORMATION_FORMAT = dwarf;
				ENABLE_STRICT_OBJC_MSGSEND = YES;
				ENABLE_TESTABILITY = YES;
				GCC_C_LANGUAGE_STANDARD = gnu11;
				GCC_DYNAMIC_NO_PIC = NO;
				GCC_NO_COMMON_BLOCKS = YES;
				GCC_OPTIMIZATION_LEVEL = 0;
				GCC_PREPROCESSOR_DEFINITIONS = (
					"DEBUG=1",
					"$(inherited)",
				);
				GCC_WARN_64_TO_32_BIT_CONVERSION = YES;
				GCC_WARN_ABOUT_RETURN_TYPE = YES_ERROR;
				GCC_WARN_UNDECLARED_SELECTOR = YES;
				GCC_WARN_UNINITIALIZED_AUTOS = YES_AGGRESSIVE;
				GCC_WARN_UNUSED_FUNCTION = YES;
				GCC_WARN_UNUSED_VARIABLE = YES;
				IPHONEOS_DEPLOYMENT_TARGET = 13.2;
				MTL_ENABLE_DEBUG_INFO = INCLUDE_SOURCE;
				MTL_FAST_MATH = YES;
				ONLY_ACTIVE_ARCH = YES;
				SDKROOT = iphoneos;
				SWIFT_ACTIVE_COMPILATION_CONDITIONS = DEBUG;
				SWIFT_OPTIMIZATION_LEVEL = "-Onone";
			};
			name = Debug;
		};
		ABFCD0BC24D1E2240005A771 /* Release */ = {
			isa = XCBuildConfiguration;
			buildSettings = {
				ALWAYS_SEARCH_USER_PATHS = NO;
				CLANG_ANALYZER_NONNULL = YES;
				CLANG_ANALYZER_NUMBER_OBJECT_CONVERSION = YES_AGGRESSIVE;
				CLANG_CXX_LANGUAGE_STANDARD = "gnu++14";
				CLANG_CXX_LIBRARY = "libc++";
				CLANG_ENABLE_MODULES = YES;
				CLANG_ENABLE_OBJC_ARC = YES;
				CLANG_ENABLE_OBJC_WEAK = YES;
				CLANG_WARN_BLOCK_CAPTURE_AUTORELEASING = YES;
				CLANG_WARN_BOOL_CONVERSION = YES;
				CLANG_WARN_COMMA = YES;
				CLANG_WARN_CONSTANT_CONVERSION = YES;
				CLANG_WARN_DEPRECATED_OBJC_IMPLEMENTATIONS = YES;
				CLANG_WARN_DIRECT_OBJC_ISA_USAGE = YES_ERROR;
				CLANG_WARN_DOCUMENTATION_COMMENTS = YES;
				CLANG_WARN_EMPTY_BODY = YES;
				CLANG_WARN_ENUM_CONVERSION = YES;
				CLANG_WARN_INFINITE_RECURSION = YES;
				CLANG_WARN_INT_CONVERSION = YES;
				CLANG_WARN_NON_LITERAL_NULL_CONVERSION = YES;
				CLANG_WARN_OBJC_IMPLICIT_RETAIN_SELF = YES;
				CLANG_WARN_OBJC_LITERAL_CONVERSION = YES;
				CLANG_WARN_OBJC_ROOT_CLASS = YES_ERROR;
				CLANG_WARN_QUOTED_INCLUDE_IN_FRAMEWORK_HEADER = YES;
				CLANG_WARN_RANGE_LOOP_ANALYSIS = YES;
				CLANG_WARN_STRICT_PROTOTYPES = YES;
				CLANG_WARN_SUSPICIOUS_MOVE = YES;
				CLANG_WARN_UNGUARDED_AVAILABILITY = YES_AGGRESSIVE;
				CLANG_WARN_UNREACHABLE_CODE = YES;
				CLANG_WARN__DUPLICATE_METHOD_MATCH = YES;
				COPY_PHASE_STRIP = NO;
				DEBUG_INFORMATION_FORMAT = "dwarf-with-dsym";
				ENABLE_NS_ASSERTIONS = NO;
				ENABLE_STRICT_OBJC_MSGSEND = YES;
				GCC_C_LANGUAGE_STANDARD = gnu11;
				GCC_NO_COMMON_BLOCKS = YES;
				GCC_WARN_64_TO_32_BIT_CONVERSION = YES;
				GCC_WARN_ABOUT_RETURN_TYPE = YES_ERROR;
				GCC_WARN_UNDECLARED_SELECTOR = YES;
				GCC_WARN_UNINITIALIZED_AUTOS = YES_AGGRESSIVE;
				GCC_WARN_UNUSED_FUNCTION = YES;
				GCC_WARN_UNUSED_VARIABLE = YES;
				IPHONEOS_DEPLOYMENT_TARGET = 13.2;
				MTL_ENABLE_DEBUG_INFO = NO;
				MTL_FAST_MATH = YES;
				SDKROOT = iphoneos;
				SWIFT_COMPILATION_MODE = wholemodule;
				SWIFT_OPTIMIZATION_LEVEL = "-O";
				VALIDATE_PRODUCT = YES;
			};
			name = Release;
		};
		ABFCD0BE24D1E2240005A771 /* Debug */ = {
			isa = XCBuildConfiguration;
			buildSettings = {
				ASSETCATALOG_COMPILER_APPICON_NAME = AppIcon;
				CODE_SIGN_STYLE = Automatic;
				DEVELOPMENT_TEAM = A7C2Q9ASRD;
				INFOPLIST_FILE = AwesomeBrowser/Info.plist;
				LD_RUNPATH_SEARCH_PATHS = (
					"$(inherited)",
					"@executable_path/Frameworks",
				);
				PRODUCT_BUNDLE_IDENTIFIER = margo.AwesomeBrowser;
				PRODUCT_NAME = AwesomeBrowser;
				SWIFT_VERSION = 5.0;
				TARGETED_DEVICE_FAMILY = "1,2";
			};
			name = Debug;
		};
		ABFCD0BF24D1E2240005A771 /* Release */ = {
			isa = XCBuildConfiguration;
			buildSettings = {
				ASSETCATALOG_COMPILER_APPICON_NAME = AppIcon;
				CODE_SIGN_STYLE = Automatic;
				DEVELOPMENT_TEAM = A7C2Q9ASRD;
				INFOPLIST_FILE = AwesomeBrowser/Info.plist;
				LD_RUNPATH_SEARCH_PATHS = (
					"$(inherited)",
					"@executable_path/Frameworks",
				);
				PRODUCT_BUNDLE_IDENTIFIER = margo.AwesomeBrowser;
				PRODUCT_NAME = AwesomeBrowser;
				SWIFT_VERSION = 5.0;
				TARGETED_DEVICE_FAMILY = "1,2";
			};
			name = Release;
		};
/* End XCBuildConfiguration section */

/* Begin XCConfigurationList section */
		ABFCD0A424D1E2230005A771 /* Build configuration list for PBXProject "AwesomeBrowser" */ = {
			isa = XCConfigurationList;
			buildConfigurations = (
				ABFCD0BB24D1E2240005A771 /* Debug */,
				ABFCD0BC24D1E2240005A771 /* Release */,
			);
			defaultConfigurationIsVisible = 0;
			defaultConfigurationName = Release;
		};
		ABFCD0BD24D1E2240005A771 /* Build configuration list for PBXNativeTarget "AwesomeBrowser" */ = {
			isa = XCConfigurationList;
			buildConfigurations = (
				ABFCD0BE24D1E2240005A771 /* Debug */,
				ABFCD0BF24D1E2240005A771 /* Release */,
			);
			defaultConfigurationIsVisible = 0;
			defaultConfigurationName = Release;
		};
/* End XCConfigurationList section */
	};
	rootObject = ABFCD0A124D1E2230005A771 /* Project object */;
}
